
Microsoft Visual Studio Solution File, Format Version 12.00
# Visual Studio Version 16
VisualStudioVersion = 16.0.29709.97
MinimumVisualStudioVersion = 10.0.40219.1
Project("{FAE04EC0-301F-11D3-BF4B-00C04F79EFBC}") = "WpfAppIntrodutionString", "WpfAppIntrodutionString\WpfAppIntrodutionString.csproj", "{C38C905B-409D-4E53-A0D1-A84F78CC6DAD}"
EndProject
Global
	GlobalSection(SolutionConfigurationPlatforms) = preSolution
		Debug|Any CPU = Debug|Any CPU
		Release|Any CPU = Release|Any CPU
	EndGlobalSection
	GlobalSection(ProjectConfigurationPlatforms) = postSolution
		{C38C905B-409D-4E53-A0D1-A84F78CC6DAD}.Debug|Any CPU.ActiveCfg = Debug|Any CPU
		{C38C905B-409D-4E53-A0D1-A84F78CC6DAD}.Debug|Any CPU.Build.0 = Debug|Any CPU
		{C38C905B-409D-4E53-A0D1-A84F78CC6DAD}.Release|Any CPU.ActiveCfg = Release|Any CPU
		{C38C905B-409D-4E53-A0D1-A84F78CC6DAD}.Release|Any CPU.Build.0 = Release|Any CPU
	EndGlobalSection
	GlobalSection(SolutionProperties) = preSolution
		HideSolutionNode = FALSE
	EndGlobalSection
	GlobalSection(ExtensibilityGlobals) = postSolution
		SolutionGuid = {636ADCB6-4883-4C38-A939-D8B1B78D13D4}
	EndGlobalSection
EndGlobal
